// !$*UTF8*$!
{
	archiveVersion = 1;
	classes = {
	};
	objectVersion = 55;
	objects = {

/* Begin PBXBuildFile section */
		B6F4CAAD286B5E2F00B5A805 /* AppDelegate.swift in Sources */ = {isa = PBXBuildFile; fileRef = B6F4CAAC286B5E2F00B5A805 /* AppDelegate.swift */; };
		B6F4CAAF286B5E2F00B5A805 /* SceneDelegate.swift in Sources */ = {isa = PBXBuildFile; fileRef = B6F4CAAE286B5E2F00B5A805 /* SceneDelegate.swift */; };
		B6F4CAB1286B5E2F00B5A805 /* ViewController.swift in Sources */ = {isa = PBXBuildFile; fileRef = B6F4CAB0286B5E2F00B5A805 /* ViewController.swift */; };
		B6F4CAB4286B5E2F00B5A805 /* Main.storyboard in Resources */ = {isa = PBXBuildFile; fileRef = B6F4CAB2286B5E2F00B5A805 /* Main.storyboard */; };
		B6F4CAB6286B5E3100B5A805 /* Assets.xcassets in Resources */ = {isa = PBXBuildFile; fileRef = B6F4CAB5286B5E3100B5A805 /* Assets.xcassets */; };
		B6F4CAB9286B5E3100B5A805 /* LaunchScreen.storyboard in Resources */ = {isa = PBXBuildFile; fileRef = B6F4CAB7286B5E3100B5A805 /* LaunchScreen.storyboard */; };
		B6F4CAC4286B5E3100B5A805 /* EstudoArquiteturasTests.swift in Sources */ = {isa = PBXBuildFile; fileRef = B6F4CAC3286B5E3100B5A805 /* EstudoArquiteturasTests.swift */; };
		B6F4CACE286B5E3100B5A805 /* EstudoArquiteturasUITests.swift in Sources */ = {isa = PBXBuildFile; fileRef = B6F4CACD286B5E3100B5A805 /* EstudoArquiteturasUITests.swift */; };
		B6F4CAD0286B5E3100B5A805 /* EstudoArquiteturasUITestsLaunchTests.swift in Sources */ = {isa = PBXBuildFile; fileRef = B6F4CACF286B5E3100B5A805 /* EstudoArquiteturasUITestsLaunchTests.swift */; };
/* End PBXBuildFile section */

/* Begin PBXContainerItemProxy section */
		B6F4CAC0286B5E3100B5A805 /* PBXContainerItemProxy */ = {
			isa = PBXContainerItemProxy;
			containerPortal = B6F4CAA1286B5E2F00B5A805 /* Project object */;
			proxyType = 1;
			remoteGlobalIDString = B6F4CAA8286B5E2F00B5A805;
			remoteInfo = EstudoArquiteturas;
		};
		B6F4CACA286B5E3100B5A805 /* PBXContainerItemProxy */ = {
			isa = PBXContainerItemProxy;
			containerPortal = B6F4CAA1286B5E2F00B5A805 /* Project object */;
			proxyType = 1;
			remoteGlobalIDString = B6F4CAA8286B5E2F00B5A805;
			remoteInfo = EstudoArquiteturas;
		};
/* End PBXContainerItemProxy section */

/* Begin PBXFileReference section */
		B6F4CAA9286B5E2F00B5A805 /* EstudoArquiteturas.app */ = {isa = PBXFileReference; explicitFileType = wrapper.application; includeInIndex = 0; path = EstudoArquiteturas.app; sourceTree = BUILT_PRODUCTS_DIR; };
		B6F4CAAC286B5E2F00B5A805 /* AppDelegate.swift */ = {isa = PBXFileReference; lastKnownFileType = sourcecode.swift; path = AppDelegate.swift; sourceTree = "<group>"; };
		B6F4CAAE286B5E2F00B5A805 /* SceneDelegate.swift */ = {isa = PBXFileReference; lastKnownFileType = sourcecode.swift; path = SceneDelegate.swift; sourceTree = "<group>"; };
		B6F4CAB0286B5E2F00B5A805 /* ViewController.swift */ = {isa = PBXFileReference; lastKnownFileType = sourcecode.swift; path = ViewController.swift; sourceTree = "<group>"; };
		B6F4CAB3286B5E2F00B5A805 /* Base */ = {isa = PBXFileReference; lastKnownFileType = file.storyboard; name = Base; path = Base.lproj/Main.storyboard; sourceTree = "<group>"; };
		B6F4CAB5286B5E3100B5A805 /* Assets.xcassets */ = {isa = PBXFileReference; lastKnownFileType = folder.assetcatalog; path = Assets.xcassets; sourceTree = "<group>"; };
		B6F4CAB8286B5E3100B5A805 /* Base */ = {isa = PBXFileReference; lastKnownFileType = file.storyboard; name = Base; path = Base.lproj/LaunchScreen.storyboard; sourceTree = "<group>"; };
		B6F4CABA286B5E3100B5A805 /* Info.plist */ = {isa = PBXFileReference; lastKnownFileType = text.plist.xml; path = Info.plist; sourceTree = "<group>"; };
		B6F4CABF286B5E3100B5A805 /* EstudoArquiteturasTests.xctest */ = {isa = PBXFileReference; explicitFileType = wrapper.cfbundle; includeInIndex = 0; path = EstudoArquiteturasTests.xctest; sourceTree = BUILT_PRODUCTS_DIR; };
		B6F4CAC3286B5E3100B5A805 /* EstudoArquiteturasTests.swift */ = {isa = PBXFileReference; lastKnownFileType = sourcecode.swift; path = EstudoArquiteturasTests.swift; sourceTree = "<group>"; };
		B6F4CAC9286B5E3100B5A805 /* EstudoArquiteturasUITests.xctest */ = {isa = PBXFileReference; explicitFileType = wrapper.cfbundle; includeInIndex = 0; path = EstudoArquiteturasUITests.xctest; sourceTree = BUILT_PRODUCTS_DIR; };
		B6F4CACD286B5E3100B5A805 /* EstudoArquiteturasUITests.swift */ = {isa = PBXFileReference; lastKnownFileType = sourcecode.swift; path = EstudoArquiteturasUITests.swift; sourceTree = "<group>"; };
		B6F4CACF286B5E3100B5A805 /* EstudoArquiteturasUITestsLaunchTests.swift */ = {isa = PBXFileReference; lastKnownFileType = sourcecode.swift; path = EstudoArquiteturasUITestsLaunchTests.swift; sourceTree = "<group>"; };
/* End PBXFileReference section */

/* Begin PBXFrameworksBuildPhase section */
		B6F4CAA6286B5E2F00B5A805 /* Frameworks */ = {
			isa = PBXFrameworksBuildPhase;
			buildActionMask = 2147483647;
			files = (
			);
			runOnlyForDeploymentPostprocessing = 0;
		};
		B6F4CABC286B5E3100B5A805 /* Frameworks */ = {
			isa = PBXFrameworksBuildPhase;
			buildActionMask = 2147483647;
			files = (
			);
			runOnlyForDeploymentPostprocessing = 0;
		};
		B6F4CAC6286B5E3100B5A805 /* Frameworks */ = {
			isa = PBXFrameworksBuildPhase;
			buildActionMask = 2147483647;
			files = (
			);
			runOnlyForDeploymentPostprocessing = 0;
		};
/* End PBXFrameworksBuildPhase section */

/* Begin PBXGroup section */
		B6F4CAA0286B5E2F00B5A805 = {
			isa = PBXGroup;
			children = (
				B6F4CAAB286B5E2F00B5A805 /* EstudoArquiteturas */,
				B6F4CAC2286B5E3100B5A805 /* EstudoArquiteturasTests */,
				B6F4CACC286B5E3100B5A805 /* EstudoArquiteturasUITests */,
				B6F4CAAA286B5E2F00B5A805 /* Products */,
			);
			sourceTree = "<group>";
		};
		B6F4CAAA286B5E2F00B5A805 /* Products */ = {
			isa = PBXGroup;
			children = (
				B6F4CAA9286B5E2F00B5A805 /* EstudoArquiteturas.app */,
				B6F4CABF286B5E3100B5A805 /* EstudoArquiteturasTests.xctest */,
				B6F4CAC9286B5E3100B5A805 /* EstudoArquiteturasUITests.xctest */,
			);
			name = Products;
			sourceTree = "<group>";
		};
		B6F4CAAB286B5E2F00B5A805 /* EstudoArquiteturas */ = {
			isa = PBXGroup;
			children = (
				B6F4CAAC286B5E2F00B5A805 /* AppDelegate.swift */,
				B6F4CAAE286B5E2F00B5A805 /* SceneDelegate.swift */,
				B6F4CAB0286B5E2F00B5A805 /* ViewController.swift */,
				B6F4CAB2286B5E2F00B5A805 /* Main.storyboard */,
				B6F4CAB5286B5E3100B5A805 /* Assets.xcassets */,
				B6F4CAB7286B5E3100B5A805 /* LaunchScreen.storyboard */,
				B6F4CABA286B5E3100B5A805 /* Info.plist */,
			);
			path = EstudoArquiteturas;
			sourceTree = "<group>";
		};
		B6F4CAC2286B5E3100B5A805 /* EstudoArquiteturasTests */ = {
			isa = PBXGroup;
			children = (
				B6F4CAC3286B5E3100B5A805 /* EstudoArquiteturasTests.swift */,
			);
			path = EstudoArquiteturasTests;
			sourceTree = "<group>";
		};
		B6F4CACC286B5E3100B5A805 /* EstudoArquiteturasUITests */ = {
			isa = PBXGroup;
			children = (
				B6F4CACD286B5E3100B5A805 /* EstudoArquiteturasUITests.swift */,
				B6F4CACF286B5E3100B5A805 /* EstudoArquiteturasUITestsLaunchTests.swift */,
			);
			path = EstudoArquiteturasUITests;
			sourceTree = "<group>";
		};
/* End PBXGroup section */

/* Begin PBXNativeTarget section */
		B6F4CAA8286B5E2F00B5A805 /* EstudoArquiteturas */ = {
			isa = PBXNativeTarget;
			buildConfigurationList = B6F4CAD3286B5E3100B5A805 /* Build configuration list for PBXNativeTarget "EstudoArquiteturas" */;
			buildPhases = (
				B6F4CAA5286B5E2F00B5A805 /* Sources */,
				B6F4CAA6286B5E2F00B5A805 /* Frameworks */,
				B6F4CAA7286B5E2F00B5A805 /* Resources */,
			);
			buildRules = (
			);
			dependencies = (
			);
			name = EstudoArquiteturas;
			productName = EstudoArquiteturas;
			productReference = B6F4CAA9286B5E2F00B5A805 /* EstudoArquiteturas.app */;
			productType = "com.apple.product-type.application";
		};
		B6F4CABE286B5E3100B5A805 /* EstudoArquiteturasTests */ = {
			isa = PBXNativeTarget;
			buildConfigurationList = B6F4CAD6286B5E3100B5A805 /* Build configuration list for PBXNativeTarget "EstudoArquiteturasTests" */;
			buildPhases = (
				B6F4CABB286B5E3100B5A805 /* Sources */,
				B6F4CABC286B5E3100B5A805 /* Frameworks */,
				B6F4CABD286B5E3100B5A805 /* Resources */,
			);
			buildRules = (
			);
			dependencies = (
				B6F4CAC1286B5E3100B5A805 /* PBXTargetDependency */,
			);
			name = EstudoArquiteturasTests;
			productName = EstudoArquiteturasTests;
			productReference = B6F4CABF286B5E3100B5A805 /* EstudoArquiteturasTests.xctest */;
			productType = "com.apple.product-type.bundle.unit-test";
		};
		B6F4CAC8286B5E3100B5A805 /* EstudoArquiteturasUITests */ = {
			isa = PBXNativeTarget;
			buildConfigurationList = B6F4CAD9286B5E3100B5A805 /* Build configuration list for PBXNativeTarget "EstudoArquiteturasUITests" */;
			buildPhases = (
				B6F4CAC5286B5E3100B5A805 /* Sources */,
				B6F4CAC6286B5E3100B5A805 /* Frameworks */,
				B6F4CAC7286B5E3100B5A805 /* Resources */,
			);
			buildRules = (
			);
			dependencies = (
				B6F4CACB286B5E3100B5A805 /* PBXTargetDependency */,
			);
			name = EstudoArquiteturasUITests;
			productName = EstudoArquiteturasUITests;
			productReference = B6F4CAC9286B5E3100B5A805 /* EstudoArquiteturasUITests.xctest */;
			productType = "com.apple.product-type.bundle.ui-testing";
		};
/* End PBXNativeTarget section */

/* Begin PBXProject section */
		B6F4CAA1286B5E2F00B5A805 /* Project object */ = {
			isa = PBXProject;
			attributes = {
				BuildIndependentTargetsInParallel = 1;
				LastSwiftUpdateCheck = 1340;
				LastUpgradeCheck = 1340;
				TargetAttributes = {
					B6F4CAA8286B5E2F00B5A805 = {
						CreatedOnToolsVersion = 13.4;
					};
					B6F4CABE286B5E3100B5A805 = {
						CreatedOnToolsVersion = 13.4;
						TestTargetID = B6F4CAA8286B5E2F00B5A805;
					};
					B6F4CAC8286B5E3100B5A805 = {
						CreatedOnToolsVersion = 13.4;
						TestTargetID = B6F4CAA8286B5E2F00B5A805;
					};
				};
			};
			buildConfigurationList = B6F4CAA4286B5E2F00B5A805 /* Build configuration list for PBXProject "EstudoArquiteturas" */;
			compatibilityVersion = "Xcode 13.0";
			developmentRegion = en;
			hasScannedForEncodings = 0;
			knownRegions = (
				en,
				Base,
			);
			mainGroup = B6F4CAA0286B5E2F00B5A805;
			productRefGroup = B6F4CAAA286B5E2F00B5A805 /* Products */;
			projectDirPath = "";
			projectRoot = "";
			targets = (
				B6F4CAA8286B5E2F00B5A805 /* EstudoArquiteturas */,
				B6F4CABE286B5E3100B5A805 /* EstudoArquiteturasTests */,
				B6F4CAC8286B5E3100B5A805 /* EstudoArquiteturasUITests */,
			);
		};
/* End PBXProject section */

/* Begin PBXResourcesBuildPhase section */
		B6F4CAA7286B5E2F00B5A805 /* Resources */ = {
			isa = PBXResourcesBuildPhase;
			buildActionMask = 2147483647;
			files = (
				B6F4CAB9286B5E3100B5A805 /* LaunchScreen.storyboard in Resources */,
				B6F4CAB6286B5E3100B5A805 /* Assets.xcassets in Resources */,
				B6F4CAB4286B5E2F00B5A805 /* Main.storyboard in Resources */,
			);
			runOnlyForDeploymentPostprocessing = 0;
		};
		B6F4CABD286B5E3100B5A805 /* Resources */ = {
			isa = PBXResourcesBuildPhase;
			buildActionMask = 2147483647;
			files = (
			);
			runOnlyForDeploymentPostprocessing = 0;
		};
		B6F4CAC7286B5E3100B5A805 /* Resources */ = {
			isa = PBXResourcesBuildPhase;
			buildActionMask = 2147483647;
			files = (
			);
			runOnlyForDeploymentPostprocessing = 0;
		};
/* End PBXResourcesBuildPhase section */

/* Begin PBXSourcesBuildPhase section */
		B6F4CAA5286B5E2F00B5A805 /* Sources */ = {
			isa = PBXSourcesBuildPhase;
			buildActionMask = 2147483647;
			files = (
				B6F4CAB1286B5E2F00B5A805 /* ViewController.swift in Sources */,
				B6F4CAAD286B5E2F00B5A805 /* AppDelegate.swift in Sources */,
				B6F4CAAF286B5E2F00B5A805 /* SceneDelegate.swift in Sources */,
			);
			runOnlyForDeploymentPostprocessing = 0;
		};
		B6F4CABB286B5E3100B5A805 /* Sources */ = {
			isa = PBXSourcesBuildPhase;
			buildActionMask = 2147483647;
			files = (
				B6F4CAC4286B5E3100B5A805 /* EstudoArquiteturasTests.swift in Sources */,
			);
			runOnlyForDeploymentPostprocessing = 0;
		};
		B6F4CAC5286B5E3100B5A805 /* Sources */ = {
			isa = PBXSourcesBuildPhase;
			buildActionMask = 2147483647;
			files = (
				B6F4CAD0286B5E3100B5A805 /* EstudoArquiteturasUITestsLaunchTests.swift in Sources */,
				B6F4CACE286B5E3100B5A805 /* EstudoArquiteturasUITests.swift in Sources */,
			);
			runOnlyForDeploymentPostprocessing = 0;
		};
/* End PBXSourcesBuildPhase section */

/* Begin PBXTargetDependency section */
		B6F4CAC1286B5E3100B5A805 /* PBXTargetDependency */ = {
			isa = PBXTargetDependency;
			target = B6F4CAA8286B5E2F00B5A805 /* EstudoArquiteturas */;
			targetProxy = B6F4CAC0286B5E3100B5A805 /* PBXContainerItemProxy */;
		};
		B6F4CACB286B5E3100B5A805 /* PBXTargetDependency */ = {
			isa = PBXTargetDependency;
			target = B6F4CAA8286B5E2F00B5A805 /* EstudoArquiteturas */;
			targetProxy = B6F4CACA286B5E3100B5A805 /* PBXContainerItemProxy */;
		};
/* End PBXTargetDependency section */

/* Begin PBXVariantGroup section */
		B6F4CAB2286B5E2F00B5A805 /* Main.storyboard */ = {
			isa = PBXVariantGroup;
			children = (
				B6F4CAB3286B5E2F00B5A805 /* Base */,
			);
			name = Main.storyboard;
			sourceTree = "<group>";
		};
		B6F4CAB7286B5E3100B5A805 /* LaunchScreen.storyboard */ = {
			isa = PBXVariantGroup;
			children = (
				B6F4CAB8286B5E3100B5A805 /* Base */,
			);
			name = LaunchScreen.storyboard;
			sourceTree = "<group>";
		};
/* End PBXVariantGroup section */

/* Begin XCBuildConfiguration section */
		B6F4CAD1286B5E3100B5A805 /* Debug */ = {
			isa = XCBuildConfiguration;
			buildSettings = {
				ALWAYS_SEARCH_USER_PATHS = NO;
				CLANG_ANALYZER_NONNULL = YES;
				CLANG_ANALYZER_NUMBER_OBJECT_CONVERSION = YES_AGGRESSIVE;
				CLANG_CXX_LANGUAGE_STANDARD = "gnu++17";
				CLANG_ENABLE_MODULES = YES;
				CLANG_ENABLE_OBJC_ARC = YES;
				CLANG_ENABLE_OBJC_WEAK = YES;
				CLANG_WARN_BLOCK_CAPTURE_AUTORELEASING = YES;
				CLANG_WARN_BOOL_CONVERSION = YES;
				CLANG_WARN_COMMA = YES;
				CLANG_WARN_CONSTANT_CONVERSION = YES;
				CLANG_WARN_DEPRECATED_OBJC_IMPLEMENTATIONS = YES;
				CLANG_WARN_DIRECT_OBJC_ISA_USAGE = YES_ERROR;
				CLANG_WARN_DOCUMENTATION_COMMENTS = YES;
				CLANG_WARN_EMPTY_BODY = YES;
				CLANG_WARN_ENUM_CONVERSION = YES;
				CLANG_WARN_INFINITE_RECURSION = YES;
				CLANG_WARN_INT_CONVERSION = YES;
				CLANG_WARN_NON_LITERAL_NULL_CONVERSION = YES;
				CLANG_WARN_OBJC_IMPLICIT_RETAIN_SELF = YES;
				CLANG_WARN_OBJC_LITERAL_CONVERSION = YES;
				CLANG_WARN_OBJC_ROOT_CLASS = YES_ERROR;
				CLANG_WARN_QUOTED_INCLUDE_IN_FRAMEWORK_HEADER = YES;
				CLANG_WARN_RANGE_LOOP_ANALYSIS = YES;
				CLANG_WARN_STRICT_PROTOTYPES = YES;
				CLANG_WARN_SUSPICIOUS_MOVE = YES;
				CLANG_WARN_UNGUARDED_AVAILABILITY = YES_AGGRESSIVE;
				CLANG_WARN_UNREACHABLE_CODE = YES;
				CLANG_WARN__DUPLICATE_METHOD_MATCH = YES;
				COPY_PHASE_STRIP = NO;
				DEBUG_INFORMATION_FORMAT = dwarf;
				ENABLE_STRICT_OBJC_MSGSEND = YES;
				ENABLE_TESTABILITY = YES;
				GCC_C_LANGUAGE_STANDARD = gnu11;
				GCC_DYNAMIC_NO_PIC = NO;
				GCC_NO_COMMON_BLOCKS = YES;
				GCC_OPTIMIZATION_LEVEL = 0;
				GCC_PREPROCESSOR_DEFINITIONS = (
					"DEBUG=1",
					"$(inherited)",
				);
				GCC_WARN_64_TO_32_BIT_CONVERSION = YES;
				GCC_WARN_ABOUT_RETURN_TYPE = YES_ERROR;
				GCC_WARN_UNDECLARED_SELECTOR = YES;
				GCC_WARN_UNINITIALIZED_AUTOS = YES_AGGRESSIVE;
				GCC_WARN_UNUSED_FUNCTION = YES;
				GCC_WARN_UNUSED_VARIABLE = YES;
				IPHONEOS_DEPLOYMENT_TARGET = 15.5;
				MTL_ENABLE_DEBUG_INFO = INCLUDE_SOURCE;
				MTL_FAST_MATH = YES;
				ONLY_ACTIVE_ARCH = YES;
				SDKROOT = iphoneos;
				SWIFT_ACTIVE_COMPILATION_CONDITIONS = DEBUG;
				SWIFT_OPTIMIZATION_LEVEL = "-Onone";
			};
			name = Debug;
		};
		B6F4CAD2286B5E3100B5A805 /* Release */ = {
			isa = XCBuildConfiguration;
			buildSettings = {
				ALWAYS_SEARCH_USER_PATHS = NO;
				CLANG_ANALYZER_NONNULL = YES;
				CLANG_ANALYZER_NUMBER_OBJECT_CONVERSION = YES_AGGRESSIVE;
				CLANG_CXX_LANGUAGE_STANDARD = "gnu++17";
				CLANG_ENABLE_MODULES = YES;
				CLANG_ENABLE_OBJC_ARC = YES;
				CLANG_ENABLE_OBJC_WEAK = YES;
				CLANG_WARN_BLOCK_CAPTURE_AUTORELEASING = YES;
				CLANG_WARN_BOOL_CONVERSION = YES;
				CLANG_WARN_COMMA = YES;
				CLANG_WARN_CONSTANT_CONVERSION = YES;
				CLANG_WARN_DEPRECATED_OBJC_IMPLEMENTATIONS = YES;
				CLANG_WARN_DIRECT_OBJC_ISA_USAGE = YES_ERROR;
				CLANG_WARN_DOCUMENTATION_COMMENTS = YES;
				CLANG_WARN_EMPTY_BODY = YES;
				CLANG_WARN_ENUM_CONVERSION = YES;
				CLANG_WARN_INFINITE_RECURSION = YES;
				CLANG_WARN_INT_CONVERSION = YES;
				CLANG_WARN_NON_LITERAL_NULL_CONVERSION = YES;
				CLANG_WARN_OBJC_IMPLICIT_RETAIN_SELF = YES;
				CLANG_WARN_OBJC_LITERAL_CONVERSION = YES;
				CLANG_WARN_OBJC_ROOT_CLASS = YES_ERROR;
				CLANG_WARN_QUOTED_INCLUDE_IN_FRAMEWORK_HEADER = YES;
				CLANG_WARN_RANGE_LOOP_ANALYSIS = YES;
				CLANG_WARN_STRICT_PROTOTYPES = YES;
				CLANG_WARN_SUSPICIOUS_MOVE = YES;
				CLANG_WARN_UNGUARDED_AVAILABILITY = YES_AGGRESSIVE;
				CLANG_WARN_UNREACHABLE_CODE = YES;
				CLANG_WARN__DUPLICATE_METHOD_MATCH = YES;
				COPY_PHASE_STRIP = NO;
				DEBUG_INFORMATION_FORMAT = "dwarf-with-dsym";
				ENABLE_NS_ASSERTIONS = NO;
				ENABLE_STRICT_OBJC_MSGSEND = YES;
				GCC_C_LANGUAGE_STANDARD = gnu11;
				GCC_NO_COMMON_BLOCKS = YES;
				GCC_WARN_64_TO_32_BIT_CONVERSION = YES;
				GCC_WARN_ABOUT_RETURN_TYPE = YES_ERROR;
				GCC_WARN_UNDECLARED_SELECTOR = YES;
				GCC_WARN_UNINITIALIZED_AUTOS = YES_AGGRESSIVE;
				GCC_WARN_UNUSED_FUNCTION = YES;
				GCC_WARN_UNUSED_VARIABLE = YES;
				IPHONEOS_DEPLOYMENT_TARGET = 15.5;
				MTL_ENABLE_DEBUG_INFO = NO;
				MTL_FAST_MATH = YES;
				SDKROOT = iphoneos;
				SWIFT_COMPILATION_MODE = wholemodule;
				SWIFT_OPTIMIZATION_LEVEL = "-O";
				VALIDATE_PRODUCT = YES;
			};
			name = Release;
		};
		B6F4CAD4286B5E3100B5A805 /* Debug */ = {
			isa = XCBuildConfiguration;
			buildSettings = {
				ASSETCATALOG_COMPILER_APPICON_NAME = AppIcon;
				ASSETCATALOG_COMPILER_GLOBAL_ACCENT_COLOR_NAME = AccentColor;
				CODE_SIGN_STYLE = Automatic;
				CURRENT_PROJECT_VERSION = 1;
				GENERATE_INFOPLIST_FILE = YES;
				INFOPLIST_FILE = EstudoArquiteturas/Info.plist;
				INFOPLIST_KEY_UIApplicationSupportsIndirectInputEvents = YES;
				INFOPLIST_KEY_UILaunchStoryboardName = LaunchScreen;
				INFOPLIST_KEY_UIMainStoryboardFile = Main;
				INFOPLIST_KEY_UISupportedInterfaceOrientations_iPad = "UIInterfaceOrientationPortrait UIInterfaceOrientationPortraitUpsideDown UIInterfaceOrientationLandscapeLeft UIInterfaceOrientationLandscapeRight";
				INFOPLIST_KEY_UISupportedInterfaceOrientations_iPhone = "UIInterfaceOrientationPortrait UIInterfaceOrientationLandscapeLeft UIInterfaceOrientationLandscapeRight";
				LD_RUNPATH_SEARCH_PATHS = (
					"$(inherited)",
					"@executable_path/Frameworks",
				);
				MARKETING_VERSION = 1.0;
				PRODUCT_BUNDLE_IDENTIFIER = rajha.EstudoArquiteturas;
				PRODUCT_NAME = "$(TARGET_NAME)";
				SWIFT_EMIT_LOC_STRINGS = YES;
				SWIFT_VERSION = 5.0;
				TARGETED_DEVICE_FAMILY = "1,2";
			};
			name = Debug;
		};
		B6F4CAD5286B5E3100B5A805 /* Release */ = {
			isa = XCBuildConfiguration;
			buildSettings = {
				ASSETCATALOG_COMPILER_APPICON_NAME = AppIcon;
				ASSETCATALOG_COMPILER_GLOBAL_ACCENT_COLOR_NAME = AccentColor;
				CODE_SIGN_STYLE = Automatic;
				CURRENT_PROJECT_VERSION = 1;
				GENERATE_INFOPLIST_FILE = YES;
				INFOPLIST_FILE = EstudoArquiteturas/Info.plist;
				INFOPLIST_KEY_UIApplicationSupportsIndirectInputEvents = YES;
				INFOPLIST_KEY_UILaunchStoryboardName = LaunchScreen;
				INFOPLIST_KEY_UIMainStoryboardFile = Main;
				INFOPLIST_KEY_UISupportedInterfaceOrientations_iPad = "UIInterfaceOrientationPortrait UIInterfaceOrientationPortraitUpsideDown UIInterfaceOrientationLandscapeLeft UIInterfaceOrientationLandscapeRight";
				INFOPLIST_KEY_UISupportedInterfaceOrientations_iPhone = "UIInterfaceOrientationPortrait UIInterfaceOrientationLandscapeLeft UIInterfaceOrientationLandscapeRight";
				LD_RUNPATH_SEARCH_PATHS = (
					"$(inherited)",
					"@executable_path/Frameworks",
				);
				MARKETING_VERSION = 1.0;
				PRODUCT_BUNDLE_IDENTIFIER = rajha.EstudoArquiteturas;
				PRODUCT_NAME = "$(TARGET_NAME)";
				SWIFT_EMIT_LOC_STRINGS = YES;
				SWIFT_VERSION = 5.0;
				TARGETED_DEVICE_FAMILY = "1,2";
			};
			name = Release;
		};
		B6F4CAD7286B5E3100B5A805 /* Debug */ = {
			isa = XCBuildConfiguration;
			buildSettings = {
				ALWAYS_EMBED_SWIFT_STANDARD_LIBRARIES = YES;
				BUNDLE_LOADER = "$(TEST_HOST)";
				CODE_SIGN_STYLE = Automatic;
				CURRENT_PROJECT_VERSION = 1;
				GENERATE_INFOPLIST_FILE = YES;
				IPHONEOS_DEPLOYMENT_TARGET = 15.5;
				MARKETING_VERSION = 1.0;
				PRODUCT_BUNDLE_IDENTIFIER = rajha.EstudoArquiteturasTests;
				PRODUCT_NAME = "$(TARGET_NAME)";
				SWIFT_EMIT_LOC_STRINGS = NO;
				SWIFT_VERSION = 5.0;
				TARGETED_DEVICE_FAMILY = "1,2";
				TEST_HOST = "$(BUILT_PRODUCTS_DIR)/EstudoArquiteturas.app/EstudoArquiteturas";
			};
			name = Debug;
		};
		B6F4CAD8286B5E3100B5A805 /* Release */ = {
			isa = XCBuildConfiguration;
			buildSettings = {
				ALWAYS_EMBED_SWIFT_STANDARD_LIBRARIES = YES;
				BUNDLE_LOADER = "$(TEST_HOST)";
				CODE_SIGN_STYLE = Automatic;
				CURRENT_PROJECT_VERSION = 1;
				GENERATE_INFOPLIST_FILE = YES;
				IPHONEOS_DEPLOYMENT_TARGET = 15.5;
				MARKETING_VERSION = 1.0;
				PRODUCT_BUNDLE_IDENTIFIER = rajha.EstudoArquiteturasTests;
				PRODUCT_NAME = "$(TARGET_NAME)";
				SWIFT_EMIT_LOC_STRINGS = NO;
				SWIFT_VERSION = 5.0;
				TARGETED_DEVICE_FAMILY = "1,2";
				TEST_HOST = "$(BUILT_PRODUCTS_DIR)/EstudoArquiteturas.app/EstudoArquiteturas";
			};
			name = Release;
		};
		B6F4CADA286B5E3100B5A805 /* Debug */ = {
			isa = XCBuildConfiguration;
			buildSettings = {
				ALWAYS_EMBED_SWIFT_STANDARD_LIBRARIES = YES;
				CODE_SIGN_STYLE = Automatic;
				CURRENT_PROJECT_VERSION = 1;
				GENERATE_INFOPLIST_FILE = YES;
				MARKETING_VERSION = 1.0;
				PRODUCT_BUNDLE_IDENTIFIER = rajha.EstudoArquiteturasUITests;
				PRODUCT_NAME = "$(TARGET_NAME)";
				SWIFT_EMIT_LOC_STRINGS = NO;
				SWIFT_VERSION = 5.0;
				TARGETED_DEVICE_FAMILY = "1,2";
				TEST_TARGET_NAME = EstudoArquiteturas;
			};
			name = Debug;
		};
		B6F4CADB286B5E3100B5A805 /* Release */ = {
			isa = XCBuildConfiguration;
			buildSettings = {
				ALWAYS_EMBED_SWIFT_STANDARD_LIBRARIES = YES;
				CODE_SIGN_STYLE = Automatic;
				CURRENT_PROJECT_VERSION = 1;
				GENERATE_INFOPLIST_FILE = YES;
				MARKETING_VERSION = 1.0;
				PRODUCT_BUNDLE_IDENTIFIER = rajha.EstudoArquiteturasUITests;
				PRODUCT_NAME = "$(TARGET_NAME)";
				SWIFT_EMIT_LOC_STRINGS = NO;
				SWIFT_VERSION = 5.0;
				TARGETED_DEVICE_FAMILY = "1,2";
				TEST_TARGET_NAME = EstudoArquiteturas;
			};
			name = Release;
		};
/* End XCBuildConfiguration section */

/* Begin XCConfigurationList section */
		B6F4CAA4286B5E2F00B5A805 /* Build configuration list for PBXProject "EstudoArquiteturas" */ = {
			isa = XCConfigurationList;
			buildConfigurations = (
				B6F4CAD1286B5E3100B5A805 /* Debug */,
				B6F4CAD2286B5E3100B5A805 /* Release */,
			);
			defaultConfigurationIsVisible = 0;
			defaultConfigurationName = Release;
		};
		B6F4CAD3286B5E3100B5A805 /* Build configuration list for PBXNativeTarget "EstudoArquiteturas" */ = {
			isa = XCConfigurationList;
			buildConfigurations = (
				B6F4CAD4286B5E3100B5A805 /* Debug */,
				B6F4CAD5286B5E3100B5A805 /* Release */,
			);
			defaultConfigurationIsVisible = 0;
			defaultConfigurationName = Release;
		};
		B6F4CAD6286B5E3100B5A805 /* Build configuration list for PBXNativeTarget "EstudoArquiteturasTests" */ = {
			isa = XCConfigurationList;
			buildConfigurations = (
				B6F4CAD7286B5E3100B5A805 /* Debug */,
				B6F4CAD8286B5E3100B5A805 /* Release */,
			);
			defaultConfigurationIsVisible = 0;
			defaultConfigurationName = Release;
		};
		B6F4CAD9286B5E3100B5A805 /* Build configuration list for PBXNativeTarget "EstudoArquiteturasUITests" */ = {
			isa = XCConfigurationList;
			buildConfigurations = (
				B6F4CADA286B5E3100B5A805 /* Debug */,
				B6F4CADB286B5E3100B5A805 /* Release */,
			);
			defaultConfigurationIsVisible = 0;
			defaultConfigurationName = Release;
		};
/* End XCConfigurationList section */
	};
	rootObject = B6F4CAA1286B5E2F00B5A805 /* Project object */;
}
